
Microsoft Visual Studio Solution File, Format Version 12.00
# Visual Studio Version 16
VisualStudioVersion = 16.0.30330.147
MinimumVisualStudioVersion = 10.0.40219.1
Project("{FAE04EC0-301F-11D3-BF4B-00C04F79EFBC}") = "TelegramBot", "TelegramBot\TelegramBot.csproj", "{69E2AD0A-031F-47D8-84B1-011B866F725A}"
EndProject
Global
	GlobalSection(SolutionConfigurationPlatforms) = preSolution
		Debug|Any CPU = Debug|Any CPU
		Release|Any CPU = Release|Any CPU
	EndGlobalSection
	GlobalSection(ProjectConfigurationPlatforms) = postSolution
		{69E2AD0A-031F-47D8-84B1-011B866F725A}.Debug|Any CPU.ActiveCfg = Debug|Any CPU
		{69E2AD0A-031F-47D8-84B1-011B866F725A}.Debug|Any CPU.Build.0 = Debug|Any CPU
		{69E2AD0A-031F-47D8-84B1-011B866F725A}.Release|Any CPU.ActiveCfg = Release|Any CPU
		{69E2AD0A-031F-47D8-84B1-011B866F725A}.Release|Any CPU.Build.0 = Release|Any CPU
	EndGlobalSection
	GlobalSection(SolutionProperties) = preSolution
		HideSolutionNode = FALSE
	EndGlobalSection
	GlobalSection(ExtensibilityGlobals) = postSolution
		SolutionGuid = {6EB63222-19D6-4F45-98B8-5D2F12EA1409}
	EndGlobalSection
EndGlobal
